
Microsoft Visual Studio Solution File, Format Version 12.00
# Visual Studio Version 17
VisualStudioVersion = 17.4.33205.214
MinimumVisualStudioVersion = 10.0.40219.1
Project("{888888A0-9F3D-457C-B088-3A5042F75D52}") = "paketi paigaldamine ulesanne 1", "paketi paigaldamine ulesanne 1\paketi paigaldamine ulesanne 1.pyproj", "{0492F31D-44A3-4122-ADB1-8A2F2380B9DC}"
EndProject
Global
	GlobalSection(SolutionConfigurationPlatforms) = preSolution
		Debug|Any CPU = Debug|Any CPU
		Release|Any CPU = Release|Any CPU
	EndGlobalSection
	GlobalSection(ProjectConfigurationPlatforms) = postSolution
		{0492F31D-44A3-4122-ADB1-8A2F2380B9DC}.Debug|Any CPU.ActiveCfg = Debug|Any CPU
		{0492F31D-44A3-4122-ADB1-8A2F2380B9DC}.Release|Any CPU.ActiveCfg = Release|Any CPU
	EndGlobalSection
	GlobalSection(SolutionProperties) = preSolution
		HideSolutionNode = FALSE
	EndGlobalSection
	GlobalSection(ExtensibilityGlobals) = postSolution
		SolutionGuid = {92B27F69-178F-4AFA-9658-7715CC09B4B6}
	EndGlobalSection
EndGlobal
